
Microsoft Visual Studio Solution File, Format Version 12.00
# Visual Studio Version 17
VisualStudioVersion = 17.7.34221.43
MinimumVisualStudioVersion = 10.0.40219.1
Project("{FAE04EC0-301F-11D3-BF4B-00C04F79EFBC}") = "CoffeTime", "CoffeTime\CoffeTime.csproj", "{E834592E-A046-4E94-80CA-7B0802C42B19}"
EndProject
Global
	GlobalSection(SolutionConfigurationPlatforms) = preSolution
		Debug|Any CPU = Debug|Any CPU
		Release|Any CPU = Release|Any CPU
	EndGlobalSection
	GlobalSection(ProjectConfigurationPlatforms) = postSolution
		{E834592E-A046-4E94-80CA-7B0802C42B19}.Debug|Any CPU.ActiveCfg = Debug|Any CPU
		{E834592E-A046-4E94-80CA-7B0802C42B19}.Debug|Any CPU.Build.0 = Debug|Any CPU
		{E834592E-A046-4E94-80CA-7B0802C42B19}.Release|Any CPU.ActiveCfg = Release|Any CPU
		{E834592E-A046-4E94-80CA-7B0802C42B19}.Release|Any CPU.Build.0 = Release|Any CPU
	EndGlobalSection
	GlobalSection(SolutionProperties) = preSolution
		HideSolutionNode = FALSE
	EndGlobalSection
	GlobalSection(ExtensibilityGlobals) = postSolution
		SolutionGuid = {7A3442C6-16DD-4DBA-9111-6D855BD7AE7C}
	EndGlobalSection
EndGlobal
